[[package]]
name = "pydantic"
version = "1.9.1"
requires_python = ">=3.6.1"
summary = "Data validation and settings management using python type hints"
dependencies = [
    "typing-extensions>=3.7.4.3",
]

[[package]]
name = "typing-extensions"
version = "4.3.0"
requires_python = ">=3.7"
summary = "Backported and Experimental Type Hints for Python 3.7+"

[metadata]
lock_version = "4.0"
content_hash = "sha256:543f0cbff56fdb6c2820fbf105ddb856a92a9284efed15937a6ecf915b29aa4e"

[metadata.files]
"pydantic 1.9.1" = [
    {url = "https://files.pythonhosted.org/packages/09/ca/44704f9ed827019f15ed17bd61be8217efe0d224609980c12b961bfcefdc/pydantic-1.9.1-cp39-cp39-win_amd64.whl", hash = "sha256:61b6760b08b7c395975d893e0b814a11cf011ebb24f7d869e7118f5a339a82e1"},
    {url = "https://files.pythonhosted.org/packages/13/77/22ba810e9f2a39fd73934e06a470e46155c382ebfcc0bd4c8db5ba306f73/pydantic-1.9.1-cp36-cp36m-musllinux_1_1_x86_64.whl", hash = "sha256:ae72f8098acb368d877b210ebe02ba12585e77bd0db78ac04a1ee9b9f5dd2166"},
    {url = "https://files.pythonhosted.org/packages/21/b2/0067e1ea3d0d7fcbd76e9fb58bd4aa2dd194ab23c251984a1a722bbf1dd0/pydantic-1.9.1-cp37-cp37m-win_amd64.whl", hash = "sha256:a955260d47f03df08acf45689bd163ed9df82c0e0124beb4251b1290fa7ae728"},
    {url = "https://files.pythonhosted.org/packages/2e/6b/7ae3031fc86b974296ef3a91221aec46fdf66a8dd6ba1d300151a812c5b3/pydantic-1.9.1-cp39-cp39-musllinux_1_1_x86_64.whl", hash = "sha256:72ccb318bf0c9ab97fc04c10c37683d9eea952ed526707fabf9ac5ae59b701fd"},
    {url = "https://files.pythonhosted.org/packages/32/c8/b1713db51b80c9b29611c3e62710e5f9eb6c6df2a875c9500f59ad1fcd48/pydantic-1.9.1-cp36-cp36m-musllinux_1_1_i686.whl", hash = "sha256:d12f96b5b64bec3f43c8e82b4aab7599d0157f11c798c9f9c528a72b9e0b339a"},
    {url = "https://files.pythonhosted.org/packages/5d/1a/d9fc0d8c6decab0822aabf30d9c8aeb61df08c7119f5e52825abd865425e/pydantic-1.9.1-cp36-cp36m-manylinux_2_17_x86_64.manylinux2014_x86_64.whl", hash = "sha256:985ceb5d0a86fcaa61e45781e567a59baa0da292d5ed2e490d612d0de5796918"},
    {url = "https://files.pythonhosted.org/packages/5f/76/11635fe2d808c0062f4f23a6ac6453e6110d3446fb196e3b6dfc1d15f979/pydantic-1.9.1-cp39-cp39-manylinux_2_17_x86_64.manylinux2014_x86_64.whl", hash = "sha256:02eefd7087268b711a3ff4db528e9916ac9aa18616da7bca69c1871d0b7a091f"},
    {url = "https://files.pythonhosted.org/packages/68/17/1828a267f999077fba10b24076e027df79cc2c5ede8e0a91a7cbf43428d8/pydantic-1.9.1-cp310-cp310-win_amd64.whl", hash = "sha256:a4a88dcd6ff8fd47c18b3a3709a89adb39a6373f4482e04c1b765045c7e282fd"},
    {url = "https://files.pythonhosted.org/packages/71/54/de851f0ab24e6044be1df7186ba000defefe36945f10b86f70f6b4300284/pydantic-1.9.1-cp37-cp37m-macosx_10_9_x86_64.whl", hash = "sha256:494f7c8537f0c02b740c229af4cb47c0d39840b829ecdcfc93d91dcbb0779892"},
    {url = "https://files.pythonhosted.org/packages/71/ea/1169909a5d70085aea49a9d4995636498d0df0e9a06f71b747eb4a104aa2/pydantic-1.9.1-cp310-cp310-musllinux_1_1_x86_64.whl", hash = "sha256:e565a785233c2d03724c4dc55464559639b1ba9ecf091288dd47ad9c629433bd"},
    {url = "https://files.pythonhosted.org/packages/80/30/553e846151cd7dbd2405fb128272c6cea5ea3e42f9538e2962838dcf755b/pydantic-1.9.1-cp37-cp37m-musllinux_1_1_x86_64.whl", hash = "sha256:9bcf8b6e011be08fb729d110f3e22e654a50f8a826b0575c7196616780683380"},
    {url = "https://files.pythonhosted.org/packages/81/48/b3c8cb4eb7106b612bbfc263d557b75e27d2720a0cf2c442ea67950d6d43/pydantic-1.9.1-cp39-cp39-musllinux_1_1_i686.whl", hash = "sha256:4ce9ae9e91f46c344bec3b03d6ee9612802682c1551aaf627ad24045ce090761"},
    {url = "https://files.pythonhosted.org/packages/8e/d8/56552e89a644b77e51fd8c2c6cc4982ec83b5f6221c10c00bf1406255fec/pydantic-1.9.1-cp38-cp38-musllinux_1_1_i686.whl", hash = "sha256:a9af62e9b5b9bc67b2a195ebc2c2662fdf498a822d62f902bf27cccb52dbbf49"},
    {url = "https://files.pythonhosted.org/packages/97/7b/229158bcd271f02ec2e92c6740ce47236797fcef2d36cbe949c0ea9f3a68/pydantic-1.9.1-cp38-cp38-macosx_10_9_x86_64.whl", hash = "sha256:9ce157d979f742a915b75f792dbd6aa63b8eccaf46a1005ba03aa8a986bde34a"},
    {url = "https://files.pythonhosted.org/packages/9a/a2/585b1a747b7bbb22392fe9c875b8adfaaee9a7be506fbb66a749157f9099/pydantic-1.9.1-cp39-cp39-macosx_10_9_x86_64.whl", hash = "sha256:b83ba3825bc91dfa989d4eed76865e71aea3a6ca1388b59fc801ee04c4d8d0d6"},
    {url = "https://files.pythonhosted.org/packages/a2/b1/99dd40e020d05ffa3a69ff980d26fd4db36889a379c0084329b7c7e5568b/pydantic-1.9.1-cp38-cp38-win_amd64.whl", hash = "sha256:9f659a5ee95c8baa2436d392267988fd0f43eb774e5eb8739252e5a7e9cf07e0"},
    {url = "https://files.pythonhosted.org/packages/a4/0c/fbaa7319dcb5eecd3484686eb5a5c5702a6445adb566f01aee6de3369bc4/pydantic-1.9.1-cp310-cp310-manylinux_2_17_x86_64.manylinux2014_x86_64.whl", hash = "sha256:18f3e912f9ad1bdec27fb06b8198a2ccc32f201e24174cec1b3424dda605a310"},
    {url = "https://files.pythonhosted.org/packages/a5/2a/59787a33253375a1d4eea75a65b0008feb01027a4de6c0c097f513cee793/pydantic-1.9.1-cp36-cp36m-macosx_10_9_x86_64.whl", hash = "sha256:447d5521575f18e18240906beadc58551e97ec98142266e521c34968c76c8761"},
    {url = "https://files.pythonhosted.org/packages/b1/34/5281371fbca70a089c9afcff8f0223f8d9da982efe0802fac36e39debdff/pydantic-1.9.1-cp310-cp310-musllinux_1_1_i686.whl", hash = "sha256:8bc541a405423ce0e51c19f637050acdbdf8feca34150e0d17f675e72d119580"},
    {url = "https://files.pythonhosted.org/packages/b4/73/4fa4e18868aa0e68782a8a3b37c9e08dcc3453e122a191d077910f41fa8c/pydantic-1.9.1-cp310-cp310-macosx_11_0_arm64.whl", hash = "sha256:c320c64dd876e45254bdd350f0179da737463eea41c43bacbee9d8c9d1021f11"},
    {url = "https://files.pythonhosted.org/packages/b9/01/fad5d5a724780873e0fac2b1ca9365636179921fc371ac6a7ec6b9706d8e/pydantic-1.9.1-cp37-cp37m-manylinux_2_5_i686.manylinux1_i686.manylinux_2_17_i686.manylinux2014_i686.whl", hash = "sha256:969dd06110cb780da01336b281f53e2e7eb3a482831df441fb65dd30403f4608"},
    {url = "https://files.pythonhosted.org/packages/be/11/a929057bf8742a6362e216e10f6d9caf44bae146a87321b9a18278b6b7d4/pydantic-1.9.1-cp310-cp310-macosx_10_9_x86_64.whl", hash = "sha256:c8098a724c2784bf03e8070993f6d46aa2eeca031f8d8a048dff277703e6e193"},
    {url = "https://files.pythonhosted.org/packages/c1/3b/e3f31676b694ab293ba4b7c5a3146fa8ec72c7a4d71c69a883aad1210517/pydantic-1.9.1-cp38-cp38-macosx_11_0_arm64.whl", hash = "sha256:0bf07cab5b279859c253d26a9194a8906e6f4a210063b84b433cf90a569de0c1"},
    {url = "https://files.pythonhosted.org/packages/c4/d2/6118efdb9fdaf3d4dfecc0276d4d47a1ef9aaf9903fa49f1ece765d917cb/pydantic-1.9.1-cp39-cp39-manylinux_2_5_i686.manylinux1_i686.manylinux_2_17_i686.manylinux2014_i686.whl", hash = "sha256:7eb57ba90929bac0b6cc2af2373893d80ac559adda6933e562dcfb375029acee"},
    {url = "https://files.pythonhosted.org/packages/c6/a1/e71646590e474c0b590ed1d8015e03a942cb02bc78709db80b07a2976268/pydantic-1.9.1-cp36-cp36m-manylinux_2_5_i686.manylinux1_i686.manylinux_2_17_i686.manylinux2014_i686.whl", hash = "sha256:059b6c1795170809103a1538255883e1983e5b831faea6558ef873d4955b4a74"},
    {url = "https://files.pythonhosted.org/packages/c7/26/f5d5c0e9d3bca2c720a70b3280299dd76861b1938862cd4425d7d7e88396/pydantic-1.9.1-cp38-cp38-musllinux_1_1_x86_64.whl", hash = "sha256:fe4670cb32ea98ffbf5a1262f14c3e102cccd92b1869df3bb09538158ba90fe6"},
    {url = "https://files.pythonhosted.org/packages/d0/a5/e4a25a0becf35530a3d90459a88855743e942f2e502da49ca5b10aa78568/pydantic-1.9.1.tar.gz", hash = "sha256:1ed987c3ff29fff7fd8c3ea3a3ea877ad310aae2ef9889a119e22d3f2db0691a"},
    {url = "https://files.pythonhosted.org/packages/dc/e4/06e4a32426e6368e510cdab4bd3ebbace7ad7b94a5a2354cb4536c7a4bf4/pydantic-1.9.1-cp36-cp36m-win_amd64.whl", hash = "sha256:79b485767c13788ee314669008d01f9ef3bc05db9ea3298f6a50d3ef596a154b"},
    {url = "https://files.pythonhosted.org/packages/de/0a/bd6eb16c07eba6aad5e543985995e2cbdc4925ccffc2f9491482f9101c0e/pydantic-1.9.1-cp38-cp38-manylinux_2_17_x86_64.manylinux2014_x86_64.whl", hash = "sha256:5d93d4e95eacd313d2c765ebe40d49ca9dd2ed90e5b37d0d421c597af830c195"},
    {url = "https://files.pythonhosted.org/packages/df/c9/7ea0a065d96a200f008021f28149f16b6d99c30d04461c562061d6a73ce8/pydantic-1.9.1-cp38-cp38-manylinux_2_5_i686.manylinux1_i686.manylinux_2_17_i686.manylinux2014_i686.whl", hash = "sha256:1542636a39c4892c4f4fa6270696902acb186a9aaeac6f6cf92ce6ae2e88564b"},
    {url = "https://files.pythonhosted.org/packages/e4/67/5ca471ba5dfddc309fcc0bd262a485facbd78a003513800a332fd01ce165/pydantic-1.9.1-cp310-cp310-manylinux_2_5_i686.manylinux1_i686.manylinux_2_17_i686.manylinux2014_i686.whl", hash = "sha256:c11951b404e08b01b151222a1cb1a9f0a860a8153ce8334149ab9199cd198131"},
    {url = "https://files.pythonhosted.org/packages/ea/3a/6b451f0ddb374e6a23642554ee3a357029d718083e084b3c9e6ea9b8119a/pydantic-1.9.1-cp37-cp37m-musllinux_1_1_i686.whl", hash = "sha256:177071dfc0df6248fd22b43036f936cfe2508077a72af0933d0c1fa269b18537"},
    {url = "https://files.pythonhosted.org/packages/ed/30/cc6081090e0653b8bfeac45b5973027771050813c4ac167a277f4f355242/pydantic-1.9.1-cp39-cp39-macosx_11_0_arm64.whl", hash = "sha256:1dd8fecbad028cd89d04a46688d2fcc14423e8a196d5b0a5c65105664901f810"},
    {url = "https://files.pythonhosted.org/packages/f1/ea/1b879b2b30c4e041bce20f3baf785a640f93ae4146d5258dff5661d0bebf/pydantic-1.9.1-cp37-cp37m-manylinux_2_17_x86_64.manylinux2014_x86_64.whl", hash = "sha256:f0f047e11febe5c3198ed346b507e1d010330d56ad615a7e0a89fae604065a0e"},
    {url = "https://files.pythonhosted.org/packages/f3/88/78666bfe38d3a8aee75fbd2410ac6e26dfdd64585323c07648f387817c76/pydantic-1.9.1-py3-none-any.whl", hash = "sha256:4988c0f13c42bfa9ddd2fe2f569c9d54646ce84adc5de84228cfe83396f3bd58"},
]
"typing-extensions 4.3.0" = [
    {url = "https://files.pythonhosted.org/packages/9e/1d/d128169ff58c501059330f1ad96ed62b79114a2eb30b8238af63a2e27f70/typing_extensions-4.3.0.tar.gz", hash = "sha256:e6d2677a32f47fc7eb2795db1dd15c1f34eff616bcaf2cfb5e997f854fa1c4a6"},
    {url = "https://files.pythonhosted.org/packages/ed/d6/2afc375a8d55b8be879d6b4986d4f69f01115e795e36827fd3a40166028b/typing_extensions-4.3.0-py3-none-any.whl", hash = "sha256:25642c956049920a5aa49edcdd6ab1e06d7e5d467fc00e0506c44ac86fbfca02"},
]
